
Microsoft Visual Studio Solution File, Format Version 11.00
# Visual Studio 2010
Project("{CC5FD16D-436D-48AD-A40C-5A424C6E3E79}") = "DNNAzureSMB", "DNNAzureSMB\DNNAzureSMB.ccproj", "{1512B578-B7DB-4CAD-823F-CDC910A708B7}"
EndProject
Project("{FAE04EC0-301F-11D3-BF4B-00C04F79EFBC}") = "SMBServer", "SMBServer\SMBServer.csproj", "{E20E816A-B031-4D1A-9988-3D49BF2DDEE7}"
EndProject
Project("{FAE04EC0-301F-11D3-BF4B-00C04F79EFBC}") = "DNNAzure", "DNNAzure\DNNAzure.csproj", "{98F2B7C6-03FD-4B41-A54A-C96CE9E0856F}"
EndProject
Project("{FAE04EC0-301F-11D3-BF4B-00C04F79EFBC}") = "DNNAzureWizard", "DNNAzureWizard\DNNAzureWizard.csproj", "{7D6A58DC-303C-4808-AC6C-C4EC97EF0BCB}"
EndProject
Global
	GlobalSection(SolutionConfigurationPlatforms) = preSolution
		Debug|Any CPU = Debug|Any CPU
		Debug|Mixed Platforms = Debug|Mixed Platforms
		Debug|x86 = Debug|x86
		Release|Any CPU = Release|Any CPU
		Release|Mixed Platforms = Release|Mixed Platforms
		Release|x86 = Release|x86
	EndGlobalSection
	GlobalSection(ProjectConfigurationPlatforms) = postSolution
		{1512B578-B7DB-4CAD-823F-CDC910A708B7}.Debug|Any CPU.ActiveCfg = Debug|Any CPU
		{1512B578-B7DB-4CAD-823F-CDC910A708B7}.Debug|Any CPU.Build.0 = Debug|Any CPU
		{1512B578-B7DB-4CAD-823F-CDC910A708B7}.Debug|Mixed Platforms.ActiveCfg = Debug|Any CPU
		{1512B578-B7DB-4CAD-823F-CDC910A708B7}.Debug|Mixed Platforms.Build.0 = Debug|Any CPU
		{1512B578-B7DB-4CAD-823F-CDC910A708B7}.Debug|x86.ActiveCfg = Debug|Any CPU
		{1512B578-B7DB-4CAD-823F-CDC910A708B7}.Release|Any CPU.ActiveCfg = Release|Any CPU
		{1512B578-B7DB-4CAD-823F-CDC910A708B7}.Release|Any CPU.Build.0 = Release|Any CPU
		{1512B578-B7DB-4CAD-823F-CDC910A708B7}.Release|Mixed Platforms.ActiveCfg = Release|Any CPU
		{1512B578-B7DB-4CAD-823F-CDC910A708B7}.Release|Mixed Platforms.Build.0 = Release|Any CPU
		{1512B578-B7DB-4CAD-823F-CDC910A708B7}.Release|x86.ActiveCfg = Release|Any CPU
		{E20E816A-B031-4D1A-9988-3D49BF2DDEE7}.Debug|Any CPU.ActiveCfg = Debug|Any CPU
		{E20E816A-B031-4D1A-9988-3D49BF2DDEE7}.Debug|Any CPU.Build.0 = Debug|Any CPU
		{E20E816A-B031-4D1A-9988-3D49BF2DDEE7}.Debug|Mixed Platforms.ActiveCfg = Debug|Any CPU
		{E20E816A-B031-4D1A-9988-3D49BF2DDEE7}.Debug|Mixed Platforms.Build.0 = Debug|Any CPU
		{E20E816A-B031-4D1A-9988-3D49BF2DDEE7}.Debug|x86.ActiveCfg = Debug|Any CPU
		{E20E816A-B031-4D1A-9988-3D49BF2DDEE7}.Release|Any CPU.ActiveCfg = Release|Any CPU
		{E20E816A-B031-4D1A-9988-3D49BF2DDEE7}.Release|Any CPU.Build.0 = Release|Any CPU
		{E20E816A-B031-4D1A-9988-3D49BF2DDEE7}.Release|Mixed Platforms.ActiveCfg = Release|Any CPU
		{E20E816A-B031-4D1A-9988-3D49BF2DDEE7}.Release|Mixed Platforms.Build.0 = Release|Any CPU
		{E20E816A-B031-4D1A-9988-3D49BF2DDEE7}.Release|x86.ActiveCfg = Release|Any CPU
		{98F2B7C6-03FD-4B41-A54A-C96CE9E0856F}.Debug|Any CPU.ActiveCfg = Debug|Any CPU
		{98F2B7C6-03FD-4B41-A54A-C96CE9E0856F}.Debug|Any CPU.Build.0 = Debug|Any CPU
		{98F2B7C6-03FD-4B41-A54A-C96CE9E0856F}.Debug|Mixed Platforms.ActiveCfg = Debug|Any CPU
		{98F2B7C6-03FD-4B41-A54A-C96CE9E0856F}.Debug|Mixed Platforms.Build.0 = Debug|Any CPU
		{98F2B7C6-03FD-4B41-A54A-C96CE9E0856F}.Debug|x86.ActiveCfg = Debug|Any CPU
		{98F2B7C6-03FD-4B41-A54A-C96CE9E0856F}.Release|Any CPU.ActiveCfg = Release|Any CPU
		{98F2B7C6-03FD-4B41-A54A-C96CE9E0856F}.Release|Any CPU.Build.0 = Release|Any CPU
		{98F2B7C6-03FD-4B41-A54A-C96CE9E0856F}.Release|Mixed Platforms.ActiveCfg = Release|Any CPU
		{98F2B7C6-03FD-4B41-A54A-C96CE9E0856F}.Release|Mixed Platforms.Build.0 = Release|Any CPU
		{98F2B7C6-03FD-4B41-A54A-C96CE9E0856F}.Release|x86.ActiveCfg = Release|Any CPU
		{7D6A58DC-303C-4808-AC6C-C4EC97EF0BCB}.Debug|Any CPU.ActiveCfg = Debug|x86
		{7D6A58DC-303C-4808-AC6C-C4EC97EF0BCB}.Debug|Mixed Platforms.ActiveCfg = Debug|x86
		{7D6A58DC-303C-4808-AC6C-C4EC97EF0BCB}.Debug|Mixed Platforms.Build.0 = Debug|x86
		{7D6A58DC-303C-4808-AC6C-C4EC97EF0BCB}.Debug|x86.ActiveCfg = Debug|x86
		{7D6A58DC-303C-4808-AC6C-C4EC97EF0BCB}.Debug|x86.Build.0 = Debug|x86
		{7D6A58DC-303C-4808-AC6C-C4EC97EF0BCB}.Release|Any CPU.ActiveCfg = Release|x86
		{7D6A58DC-303C-4808-AC6C-C4EC97EF0BCB}.Release|Mixed Platforms.ActiveCfg = Release|x86
		{7D6A58DC-303C-4808-AC6C-C4EC97EF0BCB}.Release|Mixed Platforms.Build.0 = Release|x86
		{7D6A58DC-303C-4808-AC6C-C4EC97EF0BCB}.Release|x86.ActiveCfg = Release|x86
		{7D6A58DC-303C-4808-AC6C-C4EC97EF0BCB}.Release|x86.Build.0 = Release|x86
	EndGlobalSection
	GlobalSection(SolutionProperties) = preSolution
		HideSolutionNode = FALSE
	EndGlobalSection
EndGlobal
