
Microsoft Visual Studio Solution File, Format Version 12.00
# Visual Studio 2013
VisualStudioVersion = 12.0.30501.0
MinimumVisualStudioVersion = 10.0.40219.1
Project("{2150E333-8FDC-42A3-9474-1A3956D46DE8}") = "Cloud Service Packages", "Cloud Service Packages", "{69CB10B5-024F-4751-8CF3-EAECD235FF05}"
EndProject
Project("{2150E333-8FDC-42A3-9474-1A3956D46DE8}") = "Roles", "Roles", "{D9F15ADA-CD43-4104-B1B6-5E2CAA9EECCF}"
EndProject
Project("{2150E333-8FDC-42A3-9474-1A3956D46DE8}") = "Installation Wizard", "Installation Wizard", "{3AFC3AC8-068B-4A3B-8941-159DFCE47076}"
EndProject
Project("{2150E333-8FDC-42A3-9474-1A3956D46DE8}") = "Documents", "Documents", "{BF45FF84-C03A-49AF-9BC3-99E74CD633F6}"
	ProjectSection(SolutionItems) = preProject
		ReleaseNotes.txt = ReleaseNotes.txt
	EndProjectSection
EndProject
Project("{FAE04EC0-301F-11D3-BF4B-00C04F79EFBC}") = "DNNAzure", "DNNAzure\DNNAzure.csproj", "{98F2B7C6-03FD-4B41-A54A-C96CE9E0856F}"
EndProject
Project("{FAE04EC0-301F-11D3-BF4B-00C04F79EFBC}") = "DNNAzureWizard", "DNNAzureWizard\DNNAzureWizard.csproj", "{7D6A58DC-303C-4808-AC6C-C4EC97EF0BCB}"
EndProject
Project("{864BB3E1-6DE1-30E8-9864-5C496B9000A7}") = "DNNAzureSingle", "DNNAzureSingle\DNNAzureSingle.ccproj", "{C3C027B3-4B57-49F2-844A-B137A3435CBA}"
EndProject
Project("{FAE04EC0-301F-11D3-BF4B-00C04F79EFBC}") = "DotNetNuke.Azure.Accelerator", "DotNetNuke.Azure.Accelerator\DotNetNuke.Azure.Accelerator.csproj", "{E0AA0D55-E39F-464F-9974-3E302D3A3598}"
EndProject
Project("{864BB3E1-6DE1-30E8-9864-5C496B9000A7}") = "DNNAzureSingleCached", "DNNAzureSingleCached\DNNAzureSingleCached.ccproj", "{A139D209-EC82-4EE9-9B83-34A4EE6CE344}"
EndProject
Project("{2150E333-8FDC-42A3-9474-1A3956D46DE8}") = "Common", "Common", "{7A822FB7-E7A1-4D63-8544-A63FDB7AE371}"
EndProject
Project("{FAE04EC0-301F-11D3-BF4B-00C04F79EFBC}") = "DotNetNuke.Azure.Accelerator.Plugins", "DotNetNuke.Azure.Accelerator.Plugins\DotNetNuke.Azure.Accelerator.Plugins.csproj", "{2A19B314-74BF-4CD4-B3FA-6C1095AF4CC4}"
EndProject
Global
	GlobalSection(TeamFoundationVersionControl) = preSolution
		SccNumberOfProjects = 7
		SccEnterpriseProvider = {4CA58AB2-18FA-4F8D-95D4-32DDF27D184C}
		SccTeamFoundationServer = https://tfs.codeplex.com/tfs/tfs22
		SccLocalPath0 = .
		SccProjectUniqueName1 = DNNAzure\\DNNAzure.csproj
		SccProjectTopLevelParentUniqueName1 = DNNAzureSMB.sln
		SccProjectName1 = DNNAzure
		SccLocalPath1 = DNNAzure
		SccProjectUniqueName2 = DNNAzureWizard\\DNNAzureWizard.csproj
		SccProjectTopLevelParentUniqueName2 = DNNAzureSMB.sln
		SccProjectName2 = DNNAzureWizard
		SccLocalPath2 = DNNAzureWizard
		SccProjectUniqueName3 = DNNAzureSingle\\DNNAzureSingle.ccproj
		SccProjectTopLevelParentUniqueName3 = DNNAzureSMB.sln
		SccProjectName3 = DNNAzureSingle
		SccLocalPath3 = DNNAzureSingle
		SccProjectUniqueName4 = DotNetNuke.Azure.Accelerator\\DotNetNuke.Azure.Accelerator.csproj
		SccProjectTopLevelParentUniqueName4 = DNNAzureSMB.sln
		SccProjectName4 = DotNetNuke.Azure.Accelerator
		SccLocalPath4 = DotNetNuke.Azure.Accelerator
		SccProjectUniqueName5 = DNNAzureSingleCached\\DNNAzureSingleCached.ccproj
		SccProjectTopLevelParentUniqueName5 = DNNAzureSMB.sln
		SccProjectName5 = DNNAzureSingleCached
		SccLocalPath5 = DNNAzureSingleCached
		SccProjectUniqueName6 = DotNetNuke.Azure.Accelerator.Plugins\\DotNetNuke.Azure.Accelerator.Plugins.csproj
		SccProjectTopLevelParentUniqueName6 = DNNAzureSMB.sln
		SccProjectName6 = DotNetNuke.Azure.Accelerator.Plugins
		SccLocalPath6 = DotNetNuke.Azure.Accelerator.Plugins
	EndGlobalSection
	GlobalSection(SolutionConfigurationPlatforms) = preSolution
		Debug|Any CPU = Debug|Any CPU
		Debug|Mixed Platforms = Debug|Mixed Platforms
		Debug|x86 = Debug|x86
		Release|Any CPU = Release|Any CPU
		Release|Mixed Platforms = Release|Mixed Platforms
		Release|x86 = Release|x86
	EndGlobalSection
	GlobalSection(ProjectConfigurationPlatforms) = postSolution
		{98F2B7C6-03FD-4B41-A54A-C96CE9E0856F}.Debug|Any CPU.ActiveCfg = Debug|Any CPU
		{98F2B7C6-03FD-4B41-A54A-C96CE9E0856F}.Debug|Any CPU.Build.0 = Debug|Any CPU
		{98F2B7C6-03FD-4B41-A54A-C96CE9E0856F}.Debug|Mixed Platforms.ActiveCfg = Debug|Any CPU
		{98F2B7C6-03FD-4B41-A54A-C96CE9E0856F}.Debug|Mixed Platforms.Build.0 = Debug|Any CPU
		{98F2B7C6-03FD-4B41-A54A-C96CE9E0856F}.Debug|x86.ActiveCfg = Debug|Any CPU
		{98F2B7C6-03FD-4B41-A54A-C96CE9E0856F}.Release|Any CPU.ActiveCfg = Release|Any CPU
		{98F2B7C6-03FD-4B41-A54A-C96CE9E0856F}.Release|Any CPU.Build.0 = Release|Any CPU
		{98F2B7C6-03FD-4B41-A54A-C96CE9E0856F}.Release|Mixed Platforms.ActiveCfg = Release|Any CPU
		{98F2B7C6-03FD-4B41-A54A-C96CE9E0856F}.Release|Mixed Platforms.Build.0 = Release|Any CPU
		{98F2B7C6-03FD-4B41-A54A-C96CE9E0856F}.Release|x86.ActiveCfg = Release|Any CPU
		{7D6A58DC-303C-4808-AC6C-C4EC97EF0BCB}.Debug|Any CPU.ActiveCfg = Debug|x86
		{7D6A58DC-303C-4808-AC6C-C4EC97EF0BCB}.Debug|Any CPU.Build.0 = Debug|x86
		{7D6A58DC-303C-4808-AC6C-C4EC97EF0BCB}.Debug|Mixed Platforms.ActiveCfg = Debug|x86
		{7D6A58DC-303C-4808-AC6C-C4EC97EF0BCB}.Debug|Mixed Platforms.Build.0 = Debug|x86
		{7D6A58DC-303C-4808-AC6C-C4EC97EF0BCB}.Debug|x86.ActiveCfg = Debug|x86
		{7D6A58DC-303C-4808-AC6C-C4EC97EF0BCB}.Debug|x86.Build.0 = Debug|x86
		{7D6A58DC-303C-4808-AC6C-C4EC97EF0BCB}.Release|Any CPU.ActiveCfg = Release|x86
		{7D6A58DC-303C-4808-AC6C-C4EC97EF0BCB}.Release|Any CPU.Build.0 = Release|x86
		{7D6A58DC-303C-4808-AC6C-C4EC97EF0BCB}.Release|Mixed Platforms.ActiveCfg = Release|x86
		{7D6A58DC-303C-4808-AC6C-C4EC97EF0BCB}.Release|Mixed Platforms.Build.0 = Release|x86
		{7D6A58DC-303C-4808-AC6C-C4EC97EF0BCB}.Release|x86.ActiveCfg = Release|x86
		{7D6A58DC-303C-4808-AC6C-C4EC97EF0BCB}.Release|x86.Build.0 = Release|x86
		{C3C027B3-4B57-49F2-844A-B137A3435CBA}.Debug|Any CPU.ActiveCfg = Debug|Any CPU
		{C3C027B3-4B57-49F2-844A-B137A3435CBA}.Debug|Any CPU.Build.0 = Debug|Any CPU
		{C3C027B3-4B57-49F2-844A-B137A3435CBA}.Debug|Mixed Platforms.ActiveCfg = Debug|Any CPU
		{C3C027B3-4B57-49F2-844A-B137A3435CBA}.Debug|Mixed Platforms.Build.0 = Debug|Any CPU
		{C3C027B3-4B57-49F2-844A-B137A3435CBA}.Debug|x86.ActiveCfg = Debug|Any CPU
		{C3C027B3-4B57-49F2-844A-B137A3435CBA}.Release|Any CPU.ActiveCfg = Release|Any CPU
		{C3C027B3-4B57-49F2-844A-B137A3435CBA}.Release|Any CPU.Build.0 = Release|Any CPU
		{C3C027B3-4B57-49F2-844A-B137A3435CBA}.Release|Mixed Platforms.ActiveCfg = Release|Any CPU
		{C3C027B3-4B57-49F2-844A-B137A3435CBA}.Release|Mixed Platforms.Build.0 = Release|Any CPU
		{C3C027B3-4B57-49F2-844A-B137A3435CBA}.Release|x86.ActiveCfg = Release|Any CPU
		{E0AA0D55-E39F-464F-9974-3E302D3A3598}.Debug|Any CPU.ActiveCfg = Debug|Any CPU
		{E0AA0D55-E39F-464F-9974-3E302D3A3598}.Debug|Any CPU.Build.0 = Debug|Any CPU
		{E0AA0D55-E39F-464F-9974-3E302D3A3598}.Debug|Mixed Platforms.ActiveCfg = Debug|Any CPU
		{E0AA0D55-E39F-464F-9974-3E302D3A3598}.Debug|Mixed Platforms.Build.0 = Debug|Any CPU
		{E0AA0D55-E39F-464F-9974-3E302D3A3598}.Debug|x86.ActiveCfg = Debug|Any CPU
		{E0AA0D55-E39F-464F-9974-3E302D3A3598}.Release|Any CPU.ActiveCfg = Release|Any CPU
		{E0AA0D55-E39F-464F-9974-3E302D3A3598}.Release|Any CPU.Build.0 = Release|Any CPU
		{E0AA0D55-E39F-464F-9974-3E302D3A3598}.Release|Mixed Platforms.ActiveCfg = Release|Any CPU
		{E0AA0D55-E39F-464F-9974-3E302D3A3598}.Release|Mixed Platforms.Build.0 = Release|Any CPU
		{E0AA0D55-E39F-464F-9974-3E302D3A3598}.Release|x86.ActiveCfg = Release|Any CPU
		{A139D209-EC82-4EE9-9B83-34A4EE6CE344}.Debug|Any CPU.ActiveCfg = Debug|Any CPU
		{A139D209-EC82-4EE9-9B83-34A4EE6CE344}.Debug|Any CPU.Build.0 = Debug|Any CPU
		{A139D209-EC82-4EE9-9B83-34A4EE6CE344}.Debug|Mixed Platforms.ActiveCfg = Debug|Any CPU
		{A139D209-EC82-4EE9-9B83-34A4EE6CE344}.Debug|Mixed Platforms.Build.0 = Debug|Any CPU
		{A139D209-EC82-4EE9-9B83-34A4EE6CE344}.Debug|x86.ActiveCfg = Debug|Any CPU
		{A139D209-EC82-4EE9-9B83-34A4EE6CE344}.Release|Any CPU.ActiveCfg = Release|Any CPU
		{A139D209-EC82-4EE9-9B83-34A4EE6CE344}.Release|Any CPU.Build.0 = Release|Any CPU
		{A139D209-EC82-4EE9-9B83-34A4EE6CE344}.Release|Mixed Platforms.ActiveCfg = Release|Any CPU
		{A139D209-EC82-4EE9-9B83-34A4EE6CE344}.Release|Mixed Platforms.Build.0 = Release|Any CPU
		{A139D209-EC82-4EE9-9B83-34A4EE6CE344}.Release|x86.ActiveCfg = Release|Any CPU
		{2A19B314-74BF-4CD4-B3FA-6C1095AF4CC4}.Debug|Any CPU.ActiveCfg = Debug|Any CPU
		{2A19B314-74BF-4CD4-B3FA-6C1095AF4CC4}.Debug|Any CPU.Build.0 = Debug|Any CPU
		{2A19B314-74BF-4CD4-B3FA-6C1095AF4CC4}.Debug|Mixed Platforms.ActiveCfg = Debug|Any CPU
		{2A19B314-74BF-4CD4-B3FA-6C1095AF4CC4}.Debug|Mixed Platforms.Build.0 = Debug|Any CPU
		{2A19B314-74BF-4CD4-B3FA-6C1095AF4CC4}.Debug|x86.ActiveCfg = Debug|Any CPU
		{2A19B314-74BF-4CD4-B3FA-6C1095AF4CC4}.Release|Any CPU.ActiveCfg = Release|Any CPU
		{2A19B314-74BF-4CD4-B3FA-6C1095AF4CC4}.Release|Any CPU.Build.0 = Release|Any CPU
		{2A19B314-74BF-4CD4-B3FA-6C1095AF4CC4}.Release|Mixed Platforms.ActiveCfg = Release|Any CPU
		{2A19B314-74BF-4CD4-B3FA-6C1095AF4CC4}.Release|Mixed Platforms.Build.0 = Release|Any CPU
		{2A19B314-74BF-4CD4-B3FA-6C1095AF4CC4}.Release|x86.ActiveCfg = Release|Any CPU
	EndGlobalSection
	GlobalSection(SolutionProperties) = preSolution
		HideSolutionNode = FALSE
	EndGlobalSection
	GlobalSection(NestedProjects) = preSolution
		{98F2B7C6-03FD-4B41-A54A-C96CE9E0856F} = {D9F15ADA-CD43-4104-B1B6-5E2CAA9EECCF}
		{7D6A58DC-303C-4808-AC6C-C4EC97EF0BCB} = {3AFC3AC8-068B-4A3B-8941-159DFCE47076}
		{C3C027B3-4B57-49F2-844A-B137A3435CBA} = {69CB10B5-024F-4751-8CF3-EAECD235FF05}
		{E0AA0D55-E39F-464F-9974-3E302D3A3598} = {3AFC3AC8-068B-4A3B-8941-159DFCE47076}
		{A139D209-EC82-4EE9-9B83-34A4EE6CE344} = {69CB10B5-024F-4751-8CF3-EAECD235FF05}
		{2A19B314-74BF-4CD4-B3FA-6C1095AF4CC4} = {7A822FB7-E7A1-4D63-8544-A63FDB7AE371}
	EndGlobalSection
EndGlobal
